
Microsoft Visual Studio Solution File, Format Version 12.00
# Visual Studio Version 17
VisualStudioVersion = 17.13.35825.156 d17.13
MinimumVisualStudioVersion = 10.0.40219.1
Project("{FAE04EC0-301F-11D3-BF4B-00C04F79EFBC}") = "FfctestProject", "FfctestProject\FfctestProject.csproj", "{6AF06240-4546-4167-938A-4D364654B40F}"
EndProject
Global
	GlobalSection(SolutionConfigurationPlatforms) = preSolution
		Debug|Any CPU = Debug|Any CPU
		Release|Any CPU = Release|Any CPU
	EndGlobalSection
	GlobalSection(ProjectConfigurationPlatforms) = postSolution
		{6AF06240-4546-4167-938A-4D364654B40F}.Debug|Any CPU.ActiveCfg = Debug|Any CPU
		{6AF06240-4546-4167-938A-4D364654B40F}.Debug|Any CPU.Build.0 = Debug|Any CPU
		{6AF06240-4546-4167-938A-4D364654B40F}.Release|Any CPU.ActiveCfg = Release|Any CPU
		{6AF06240-4546-4167-938A-4D364654B40F}.Release|Any CPU.Build.0 = Release|Any CPU
	EndGlobalSection
	GlobalSection(SolutionProperties) = preSolution
		HideSolutionNode = FALSE
	EndGlobalSection
	GlobalSection(ExtensibilityGlobals) = postSolution
		SolutionGuid = {0BA4EDBE-A774-4BE9-B324-9F18D3A55680}
	EndGlobalSection
EndGlobal
